
Microsoft Visual Studio Solution File, Format Version 12.00
# Visual Studio Version 17
VisualStudioVersion = 17.10.34928.147
MinimumVisualStudioVersion = 10.0.40219.1
Project("{FAE04EC0-301F-11D3-BF4B-00C04F79EFBC}") = "CRUDapplication", "CRUDapplication.csproj", "{F473D1FF-E740-4C1C-AEC3-7CB5FEF281EF}"
EndProject
Global
	GlobalSection(SolutionConfigurationPlatforms) = preSolution
		Debug|Any CPU = Debug|Any CPU
		Release|Any CPU = Release|Any CPU
	EndGlobalSection
	GlobalSection(ProjectConfigurationPlatforms) = postSolution
		{F473D1FF-E740-4C1C-AEC3-7CB5FEF281EF}.Debug|Any CPU.ActiveCfg = Debug|Any CPU
		{F473D1FF-E740-4C1C-AEC3-7CB5FEF281EF}.Debug|Any CPU.Build.0 = Debug|Any CPU
		{F473D1FF-E740-4C1C-AEC3-7CB5FEF281EF}.Release|Any CPU.ActiveCfg = Release|Any CPU
		{F473D1FF-E740-4C1C-AEC3-7CB5FEF281EF}.Release|Any CPU.Build.0 = Release|Any CPU
	EndGlobalSection
	GlobalSection(SolutionProperties) = preSolution
		HideSolutionNode = FALSE
	EndGlobalSection
	GlobalSection(ExtensibilityGlobals) = postSolution
		SolutionGuid = {0F2A918E-6507-4935-9A8B-191F6EAD14FD}
	EndGlobalSection
EndGlobal
